
Microsoft Visual Studio Solution File, Format Version 12.00
# Visual Studio 2013
VisualStudioVersion = 12.0.30723.0
MinimumVisualStudioVersion = 10.0.40219.1
Project("{FAE04EC0-301F-11D3-BF4B-00C04F79EFBC}") = "cpe05api", "cpe05api\cpe05api.csproj", "{61E5CFA5-1728-421A-A1F9-3B46E2727590}"
EndProject
Global
	GlobalSection(SolutionConfigurationPlatforms) = preSolution
		Debug|Any CPU = Debug|Any CPU
		Release|Any CPU = Release|Any CPU
	EndGlobalSection
	GlobalSection(ProjectConfigurationPlatforms) = postSolution
		{61E5CFA5-1728-421A-A1F9-3B46E2727590}.Debug|Any CPU.ActiveCfg = Debug|Any CPU
		{61E5CFA5-1728-421A-A1F9-3B46E2727590}.Debug|Any CPU.Build.0 = Debug|Any CPU
		{61E5CFA5-1728-421A-A1F9-3B46E2727590}.Release|Any CPU.ActiveCfg = Release|Any CPU
		{61E5CFA5-1728-421A-A1F9-3B46E2727590}.Release|Any CPU.Build.0 = Release|Any CPU
	EndGlobalSection
	GlobalSection(SolutionProperties) = preSolution
		HideSolutionNode = FALSE
	EndGlobalSection
EndGlobal
